
Microsoft Visual Studio Solution File, Format Version 12.00
# Visual Studio Version 17
VisualStudioVersion = 17.14.36518.9 d17.14
MinimumVisualStudioVersion = 10.0.40219.1
Project("{FAE04EC0-301F-11D3-BF4B-00C04F79EFBC}") = "(7) nLowHigh", "(7) nLowHigh\(7) nLowHigh.csproj", "{8D289256-1619-4F31-9B2F-AE533F086B38}"
EndProject
Global
	GlobalSection(SolutionConfigurationPlatforms) = preSolution
		Debug|Any CPU = Debug|Any CPU
		Release|Any CPU = Release|Any CPU
	EndGlobalSection
	GlobalSection(ProjectConfigurationPlatforms) = postSolution
		{8D289256-1619-4F31-9B2F-AE533F086B38}.Debug|Any CPU.ActiveCfg = Debug|Any CPU
		{8D289256-1619-4F31-9B2F-AE533F086B38}.Debug|Any CPU.Build.0 = Debug|Any CPU
		{8D289256-1619-4F31-9B2F-AE533F086B38}.Release|Any CPU.ActiveCfg = Release|Any CPU
		{8D289256-1619-4F31-9B2F-AE533F086B38}.Release|Any CPU.Build.0 = Release|Any CPU
	EndGlobalSection
	GlobalSection(SolutionProperties) = preSolution
		HideSolutionNode = FALSE
	EndGlobalSection
	GlobalSection(ExtensibilityGlobals) = postSolution
		SolutionGuid = {9609A6D2-742C-47D9-B372-8E5C39AF4A89}
	EndGlobalSection
EndGlobal
