
Microsoft Visual Studio Solution File, Format Version 12.00
# Visual Studio Version 17
VisualStudioVersion = 17.14.36518.9 d17.14
MinimumVisualStudioVersion = 10.0.40219.1
Project("{FAE04EC0-301F-11D3-BF4B-00C04F79EFBC}") = "(8) nFibonacci", "(8) nFibonacci\(8) nFibonacci.csproj", "{686B521C-590C-42AD-9553-C6F847B33A87}"
EndProject
Global
	GlobalSection(SolutionConfigurationPlatforms) = preSolution
		Debug|Any CPU = Debug|Any CPU
		Release|Any CPU = Release|Any CPU
	EndGlobalSection
	GlobalSection(ProjectConfigurationPlatforms) = postSolution
		{686B521C-590C-42AD-9553-C6F847B33A87}.Debug|Any CPU.ActiveCfg = Debug|Any CPU
		{686B521C-590C-42AD-9553-C6F847B33A87}.Debug|Any CPU.Build.0 = Debug|Any CPU
		{686B521C-590C-42AD-9553-C6F847B33A87}.Release|Any CPU.ActiveCfg = Release|Any CPU
		{686B521C-590C-42AD-9553-C6F847B33A87}.Release|Any CPU.Build.0 = Release|Any CPU
	EndGlobalSection
	GlobalSection(SolutionProperties) = preSolution
		HideSolutionNode = FALSE
	EndGlobalSection
	GlobalSection(ExtensibilityGlobals) = postSolution
		SolutionGuid = {E4CF9683-4DCD-4418-98F1-E11C5AD10C5D}
	EndGlobalSection
EndGlobal
