
Microsoft Visual Studio Solution File, Format Version 12.00
# Visual Studio Version 17
VisualStudioVersion = 17.14.36518.9 d17.14
MinimumVisualStudioVersion = 10.0.40219.1
Project("{FAE04EC0-301F-11D3-BF4B-00C04F79EFBC}") = "(14) MonotonRotation", "(14) MonotonRotation\(14) MonotonRotation.csproj", "{5F71327D-E95B-4726-9781-3D92A9DA50CF}"
EndProject
Global
	GlobalSection(SolutionConfigurationPlatforms) = preSolution
		Debug|Any CPU = Debug|Any CPU
		Release|Any CPU = Release|Any CPU
	EndGlobalSection
	GlobalSection(ProjectConfigurationPlatforms) = postSolution
		{5F71327D-E95B-4726-9781-3D92A9DA50CF}.Debug|Any CPU.ActiveCfg = Debug|Any CPU
		{5F71327D-E95B-4726-9781-3D92A9DA50CF}.Debug|Any CPU.Build.0 = Debug|Any CPU
		{5F71327D-E95B-4726-9781-3D92A9DA50CF}.Release|Any CPU.ActiveCfg = Release|Any CPU
		{5F71327D-E95B-4726-9781-3D92A9DA50CF}.Release|Any CPU.Build.0 = Release|Any CPU
	EndGlobalSection
	GlobalSection(SolutionProperties) = preSolution
		HideSolutionNode = FALSE
	EndGlobalSection
	GlobalSection(ExtensibilityGlobals) = postSolution
		SolutionGuid = {4804A40E-6C8C-4EAC-A976-C74784CE666E}
	EndGlobalSection
EndGlobal
