
Microsoft Visual Studio Solution File, Format Version 12.00
# Visual Studio Version 17
VisualStudioVersion = 17.14.36518.9 d17.14
MinimumVisualStudioVersion = 10.0.40219.1
Project("{FAE04EC0-301F-11D3-BF4B-00C04F79EFBC}") = "(9) Monoton", "(9) Monoton\(9) Monoton.csproj", "{AC1FBF89-1098-4A32-93D8-4AA2BE521F75}"
EndProject
Global
	GlobalSection(SolutionConfigurationPlatforms) = preSolution
		Debug|Any CPU = Debug|Any CPU
		Release|Any CPU = Release|Any CPU
	EndGlobalSection
	GlobalSection(ProjectConfigurationPlatforms) = postSolution
		{AC1FBF89-1098-4A32-93D8-4AA2BE521F75}.Debug|Any CPU.ActiveCfg = Debug|Any CPU
		{AC1FBF89-1098-4A32-93D8-4AA2BE521F75}.Debug|Any CPU.Build.0 = Debug|Any CPU
		{AC1FBF89-1098-4A32-93D8-4AA2BE521F75}.Release|Any CPU.ActiveCfg = Release|Any CPU
		{AC1FBF89-1098-4A32-93D8-4AA2BE521F75}.Release|Any CPU.Build.0 = Release|Any CPU
	EndGlobalSection
	GlobalSection(SolutionProperties) = preSolution
		HideSolutionNode = FALSE
	EndGlobalSection
	GlobalSection(ExtensibilityGlobals) = postSolution
		SolutionGuid = {2DBEE2E1-88BB-491A-9197-EF3E23E9A04E}
	EndGlobalSection
EndGlobal
