
Microsoft Visual Studio Solution File, Format Version 12.00
# Visual Studio Version 17
VisualStudioVersion = 17.14.36518.9 d17.14
MinimumVisualStudioVersion = 10.0.40219.1
Project("{FAE04EC0-301F-11D3-BF4B-00C04F79EFBC}") = "(16) RotationBitonic", "(16) RotationBitonic\(16) RotationBitonic.csproj", "{A8B1711B-1337-432D-9911-BBE3143BD924}"
EndProject
Global
	GlobalSection(SolutionConfigurationPlatforms) = preSolution
		Debug|Any CPU = Debug|Any CPU
		Release|Any CPU = Release|Any CPU
	EndGlobalSection
	GlobalSection(ProjectConfigurationPlatforms) = postSolution
		{A8B1711B-1337-432D-9911-BBE3143BD924}.Debug|Any CPU.ActiveCfg = Debug|Any CPU
		{A8B1711B-1337-432D-9911-BBE3143BD924}.Debug|Any CPU.Build.0 = Debug|Any CPU
		{A8B1711B-1337-432D-9911-BBE3143BD924}.Release|Any CPU.ActiveCfg = Release|Any CPU
		{A8B1711B-1337-432D-9911-BBE3143BD924}.Release|Any CPU.Build.0 = Release|Any CPU
	EndGlobalSection
	GlobalSection(SolutionProperties) = preSolution
		HideSolutionNode = FALSE
	EndGlobalSection
	GlobalSection(ExtensibilityGlobals) = postSolution
		SolutionGuid = {3F06F8B6-9734-46E5-B9F5-B54C173EDB3E}
	EndGlobalSection
EndGlobal
