
Microsoft Visual Studio Solution File, Format Version 12.00
# Visual Studio Version 17
VisualStudioVersion = 17.14.36518.9 d17.14
MinimumVisualStudioVersion = 10.0.40219.1
Project("{FAE04EC0-301F-11D3-BF4B-00C04F79EFBC}") = "(1) nNumbersEven", "(1) nNumbersEven\(1) nNumbersEven.csproj", "{90D68C18-956B-4B81-92F4-24CE97203FBA}"
EndProject
Global
	GlobalSection(SolutionConfigurationPlatforms) = preSolution
		Debug|Any CPU = Debug|Any CPU
		Release|Any CPU = Release|Any CPU
	EndGlobalSection
	GlobalSection(ProjectConfigurationPlatforms) = postSolution
		{90D68C18-956B-4B81-92F4-24CE97203FBA}.Debug|Any CPU.ActiveCfg = Debug|Any CPU
		{90D68C18-956B-4B81-92F4-24CE97203FBA}.Debug|Any CPU.Build.0 = Debug|Any CPU
		{90D68C18-956B-4B81-92F4-24CE97203FBA}.Release|Any CPU.ActiveCfg = Release|Any CPU
		{90D68C18-956B-4B81-92F4-24CE97203FBA}.Release|Any CPU.Build.0 = Release|Any CPU
	EndGlobalSection
	GlobalSection(SolutionProperties) = preSolution
		HideSolutionNode = FALSE
	EndGlobalSection
	GlobalSection(ExtensibilityGlobals) = postSolution
		SolutionGuid = {7A9C5604-76C9-44BA-AD12-7DE3CA77982C}
	EndGlobalSection
EndGlobal
